// !$*UTF8*$!
{
	archiveVersion = 1;
	classes = {
	};
	objectVersion = 50;
	objects = {

/* Begin PBXBuildFile section */
		9F5C008822CEDB1E00D88C69 /* AppDelegate.m in Sources */ = {isa = PBXBuildFile; fileRef = 9F5C008722CEDB1E00D88C69 /* AppDelegate.m */; };
		9F5C008B22CEDB1E00D88C69 /* ViewController.m in Sources */ = {isa = PBXBuildFile; fileRef = 9F5C008A22CEDB1E00D88C69 /* ViewController.m */; };
		9F5C008E22CEDB1E00D88C69 /* Main.storyboard in Resources */ = {isa = PBXBuildFile; fileRef = 9F5C008C22CEDB1E00D88C69 /* Main.storyboard */; };
		9F5C009022CEDB2100D88C69 /* Assets.xcassets in Resources */ = {isa = PBXBuildFile; fileRef = 9F5C008F22CEDB2100D88C69 /* Assets.xcassets */; };
		9F5C009322CEDB2100D88C69 /* LaunchScreen.storyboard in Resources */ = {isa = PBXBuildFile; fileRef = 9F5C009122CEDB2100D88C69 /* LaunchScreen.storyboard */; };
		9F5C009622CEDB2100D88C69 /* main.m in Sources */ = {isa = PBXBuildFile; fileRef = 9F5C009522CEDB2100D88C69 /* main.m */; };
		9F5C009F22CEDE0C00D88C69 /* UIView+NSSting.m in Sources */ = {isa = PBXBuildFile; fileRef = 9F5C009E22CEDE0C00D88C69 /* UIView+NSSting.m */; };
		9F5C00A222CEF44100D88C69 /* Person.m in Sources */ = {isa = PBXBuildFile; fileRef = 9F5C00A122CEF44100D88C69 /* Person.m */; };
		9F5C00A522CEFA0100D88C69 /* UIView+XLKVO.m in Sources */ = {isa = PBXBuildFile; fileRef = 9F5C00A422CEFA0100D88C69 /* UIView+XLKVO.m */; };
		9F5C00A822CEFAA000D88C69 /* XLMulticastDelegate.m in Sources */ = {isa = PBXBuildFile; fileRef = 9F5C00A722CEFAA000D88C69 /* XLMulticastDelegate.m */; };
/* End PBXBuildFile section */

/* Begin PBXFileReference section */
		9F5C008322CEDB1E00D88C69 /* 01·iOS 面试题·项目中用过 Runtime 吗？.app */ = {isa = PBXFileReference; explicitFileType = wrapper.application; includeInIndex = 0; path = "01·iOS 面试题·项目中用过 Runtime 吗？.app"; sourceTree = BUILT_PRODUCTS_DIR; };
		9F5C008622CEDB1E00D88C69 /* AppDelegate.h */ = {isa = PBXFileReference; lastKnownFileType = sourcecode.c.h; path = AppDelegate.h; sourceTree = "<group>"; };
		9F5C008722CEDB1E00D88C69 /* AppDelegate.m */ = {isa = PBXFileReference; lastKnownFileType = sourcecode.c.objc; path = AppDelegate.m; sourceTree = "<group>"; };
		9F5C008922CEDB1E00D88C69 /* ViewController.h */ = {isa = PBXFileReference; lastKnownFileType = sourcecode.c.h; path = ViewController.h; sourceTree = "<group>"; };
		9F5C008A22CEDB1E00D88C69 /* ViewController.m */ = {isa = PBXFileReference; lastKnownFileType = sourcecode.c.objc; path = ViewController.m; sourceTree = "<group>"; };
		9F5C008D22CEDB1E00D88C69 /* Base */ = {isa = PBXFileReference; lastKnownFileType = file.storyboard; name = Base; path = Base.lproj/Main.storyboard; sourceTree = "<group>"; };
		9F5C008F22CEDB2100D88C69 /* Assets.xcassets */ = {isa = PBXFileReference; lastKnownFileType = folder.assetcatalog; path = Assets.xcassets; sourceTree = "<group>"; };
		9F5C009222CEDB2100D88C69 /* Base */ = {isa = PBXFileReference; lastKnownFileType = file.storyboard; name = Base; path = Base.lproj/LaunchScreen.storyboard; sourceTree = "<group>"; };
		9F5C009422CEDB2100D88C69 /* Info.plist */ = {isa = PBXFileReference; lastKnownFileType = text.plist.xml; path = Info.plist; sourceTree = "<group>"; };
		9F5C009522CEDB2100D88C69 /* main.m */ = {isa = PBXFileReference; lastKnownFileType = sourcecode.c.objc; path = main.m; sourceTree = "<group>"; };
		9F5C009D22CEDE0C00D88C69 /* UIView+NSSting.h */ = {isa = PBXFileReference; lastKnownFileType = sourcecode.c.h; path = "UIView+NSSting.h"; sourceTree = "<group>"; };
		9F5C009E22CEDE0C00D88C69 /* UIView+NSSting.m */ = {isa = PBXFileReference; lastKnownFileType = sourcecode.c.objc; path = "UIView+NSSting.m"; sourceTree = "<group>"; };
		9F5C00A022CEF44100D88C69 /* Person.h */ = {isa = PBXFileReference; lastKnownFileType = sourcecode.c.h; path = Person.h; sourceTree = "<group>"; };
		9F5C00A122CEF44100D88C69 /* Person.m */ = {isa = PBXFileReference; lastKnownFileType = sourcecode.c.objc; path = Person.m; sourceTree = "<group>"; };
		9F5C00A322CEFA0100D88C69 /* UIView+XLKVO.h */ = {isa = PBXFileReference; lastKnownFileType = sourcecode.c.h; path = "UIView+XLKVO.h"; sourceTree = "<group>"; };
		9F5C00A422CEFA0100D88C69 /* UIView+XLKVO.m */ = {isa = PBXFileReference; lastKnownFileType = sourcecode.c.objc; path = "UIView+XLKVO.m"; sourceTree = "<group>"; };
		9F5C00A622CEFAA000D88C69 /* XLMulticastDelegate.h */ = {isa = PBXFileReference; lastKnownFileType = sourcecode.c.h; path = XLMulticastDelegate.h; sourceTree = "<group>"; };
		9F5C00A722CEFAA000D88C69 /* XLMulticastDelegate.m */ = {isa = PBXFileReference; lastKnownFileType = sourcecode.c.objc; path = XLMulticastDelegate.m; sourceTree = "<group>"; };
/* End PBXFileReference section */

/* Begin PBXFrameworksBuildPhase section */
		9F5C008022CEDB1E00D88C69 /* Frameworks */ = {
			isa = PBXFrameworksBuildPhase;
			buildActionMask = 2147483647;
			files = (
			);
			runOnlyForDeploymentPostprocessing = 0;
		};
/* End PBXFrameworksBuildPhase section */

/* Begin PBXGroup section */
		9F5C007A22CEDB1E00D88C69 = {
			isa = PBXGroup;
			children = (
				9F5C008522CEDB1E00D88C69 /* 01·iOS 面试题·项目中用过 Runtime 吗？ */,
				9F5C008422CEDB1E00D88C69 /* Products */,
			);
			sourceTree = "<group>";
		};
		9F5C008422CEDB1E00D88C69 /* Products */ = {
			isa = PBXGroup;
			children = (
				9F5C008322CEDB1E00D88C69 /* 01·iOS 面试题·项目中用过 Runtime 吗？.app */,
			);
			name = Products;
			sourceTree = "<group>";
		};
		9F5C008522CEDB1E00D88C69 /* 01·iOS 面试题·项目中用过 Runtime 吗？ */ = {
			isa = PBXGroup;
			children = (
				9F5C008622CEDB1E00D88C69 /* AppDelegate.h */,
				9F5C008722CEDB1E00D88C69 /* AppDelegate.m */,
				9F5C008922CEDB1E00D88C69 /* ViewController.h */,
				9F5C008A22CEDB1E00D88C69 /* ViewController.m */,
				9F5C008C22CEDB1E00D88C69 /* Main.storyboard */,
				9F5C008F22CEDB2100D88C69 /* Assets.xcassets */,
				9F5C009122CEDB2100D88C69 /* LaunchScreen.storyboard */,
				9F5C009422CEDB2100D88C69 /* Info.plist */,
				9F5C009522CEDB2100D88C69 /* main.m */,
				9F5C009D22CEDE0C00D88C69 /* UIView+NSSting.h */,
				9F5C009E22CEDE0C00D88C69 /* UIView+NSSting.m */,
				9F5C00A022CEF44100D88C69 /* Person.h */,
				9F5C00A122CEF44100D88C69 /* Person.m */,
				9F5C00A322CEFA0100D88C69 /* UIView+XLKVO.h */,
				9F5C00A422CEFA0100D88C69 /* UIView+XLKVO.m */,
				9F5C00A622CEFAA000D88C69 /* XLMulticastDelegate.h */,
				9F5C00A722CEFAA000D88C69 /* XLMulticastDelegate.m */,
			);
			path = "01·iOS 面试题·项目中用过 Runtime 吗？";
			sourceTree = "<group>";
		};
/* End PBXGroup section */

/* Begin PBXNativeTarget section */
		9F5C008222CEDB1E00D88C69 /* 01·iOS 面试题·项目中用过 Runtime 吗？ */ = {
			isa = PBXNativeTarget;
			buildConfigurationList = 9F5C009922CEDB2100D88C69 /* Build configuration list for PBXNativeTarget "01·iOS 面试题·项目中用过 Runtime 吗？" */;
			buildPhases = (
				9F5C007F22CEDB1E00D88C69 /* Sources */,
				9F5C008022CEDB1E00D88C69 /* Frameworks */,
				9F5C008122CEDB1E00D88C69 /* Resources */,
			);
			buildRules = (
			);
			dependencies = (
			);
			name = "01·iOS 面试题·项目中用过 Runtime 吗？";
			productName = "01·iOS 面试题·项目中用过 Runtime 吗？";
			productReference = 9F5C008322CEDB1E00D88C69 /* 01·iOS 面试题·项目中用过 Runtime 吗？.app */;
			productType = "com.apple.product-type.application";
		};
/* End PBXNativeTarget section */

/* Begin PBXProject section */
		9F5C007B22CEDB1E00D88C69 /* Project object */ = {
			isa = PBXProject;
			attributes = {
				LastUpgradeCheck = 1020;
				ORGANIZATIONNAME = "Mac-Qke";
				TargetAttributes = {
					9F5C008222CEDB1E00D88C69 = {
						CreatedOnToolsVersion = 10.2.1;
					};
				};
			};
			buildConfigurationList = 9F5C007E22CEDB1E00D88C69 /* Build configuration list for PBXProject "01·iOS 面试题·项目中用过 Runtime 吗？" */;
			compatibilityVersion = "Xcode 9.3";
			developmentRegion = en;
			hasScannedForEncodings = 0;
			knownRegions = (
				en,
				Base,
			);
			mainGroup = 9F5C007A22CEDB1E00D88C69;
			productRefGroup = 9F5C008422CEDB1E00D88C69 /* Products */;
			projectDirPath = "";
			projectRoot = "";
			targets = (
				9F5C008222CEDB1E00D88C69 /* 01·iOS 面试题·项目中用过 Runtime 吗？ */,
			);
		};
/* End PBXProject section */

/* Begin PBXResourcesBuildPhase section */
		9F5C008122CEDB1E00D88C69 /* Resources */ = {
			isa = PBXResourcesBuildPhase;
			buildActionMask = 2147483647;
			files = (
				9F5C009322CEDB2100D88C69 /* LaunchScreen.storyboard in Resources */,
				9F5C009022CEDB2100D88C69 /* Assets.xcassets in Resources */,
				9F5C008E22CEDB1E00D88C69 /* Main.storyboard in Resources */,
			);
			runOnlyForDeploymentPostprocessing = 0;
		};
/* End PBXResourcesBuildPhase section */

/* Begin PBXSourcesBuildPhase section */
		9F5C007F22CEDB1E00D88C69 /* Sources */ = {
			isa = PBXSourcesBuildPhase;
			buildActionMask = 2147483647;
			files = (
				9F5C008B22CEDB1E00D88C69 /* ViewController.m in Sources */,
				9F5C00A522CEFA0100D88C69 /* UIView+XLKVO.m in Sources */,
				9F5C009F22CEDE0C00D88C69 /* UIView+NSSting.m in Sources */,
				9F5C00A222CEF44100D88C69 /* Person.m in Sources */,
				9F5C00A822CEFAA000D88C69 /* XLMulticastDelegate.m in Sources */,
				9F5C009622CEDB2100D88C69 /* main.m in Sources */,
				9F5C008822CEDB1E00D88C69 /* AppDelegate.m in Sources */,
			);
			runOnlyForDeploymentPostprocessing = 0;
		};
/* End PBXSourcesBuildPhase section */

/* Begin PBXVariantGroup section */
		9F5C008C22CEDB1E00D88C69 /* Main.storyboard */ = {
			isa = PBXVariantGroup;
			children = (
				9F5C008D22CEDB1E00D88C69 /* Base */,
			);
			name = Main.storyboard;
			sourceTree = "<group>";
		};
		9F5C009122CEDB2100D88C69 /* LaunchScreen.storyboard */ = {
			isa = PBXVariantGroup;
			children = (
				9F5C009222CEDB2100D88C69 /* Base */,
			);
			name = LaunchScreen.storyboard;
			sourceTree = "<group>";
		};
/* End PBXVariantGroup section */

/* Begin XCBuildConfiguration section */
		9F5C009722CEDB2100D88C69 /* Debug */ = {
			isa = XCBuildConfiguration;
			buildSettings = {
				ALWAYS_SEARCH_USER_PATHS = NO;
				CLANG_ANALYZER_NONNULL = YES;
				CLANG_ANALYZER_NUMBER_OBJECT_CONVERSION = YES_AGGRESSIVE;
				CLANG_CXX_LANGUAGE_STANDARD = "gnu++14";
				CLANG_CXX_LIBRARY = "libc++";
				CLANG_ENABLE_MODULES = YES;
				CLANG_ENABLE_OBJC_ARC = YES;
				CLANG_ENABLE_OBJC_WEAK = YES;
				CLANG_WARN_BLOCK_CAPTURE_AUTORELEASING = YES;
				CLANG_WARN_BOOL_CONVERSION = YES;
				CLANG_WARN_COMMA = YES;
				CLANG_WARN_CONSTANT_CONVERSION = YES;
				CLANG_WARN_DEPRECATED_OBJC_IMPLEMENTATIONS = YES;
				CLANG_WARN_DIRECT_OBJC_ISA_USAGE = YES_ERROR;
				CLANG_WARN_DOCUMENTATION_COMMENTS = YES;
				CLANG_WARN_EMPTY_BODY = YES;
				CLANG_WARN_ENUM_CONVERSION = YES;
				CLANG_WARN_INFINITE_RECURSION = YES;
				CLANG_WARN_INT_CONVERSION = YES;
				CLANG_WARN_NON_LITERAL_NULL_CONVERSION = YES;
				CLANG_WARN_OBJC_IMPLICIT_RETAIN_SELF = YES;
				CLANG_WARN_OBJC_LITERAL_CONVERSION = YES;
				CLANG_WARN_OBJC_ROOT_CLASS = YES_ERROR;
				CLANG_WARN_RANGE_LOOP_ANALYSIS = YES;
				CLANG_WARN_STRICT_PROTOTYPES = YES;
				CLANG_WARN_SUSPICIOUS_MOVE = YES;
				CLANG_WARN_UNGUARDED_AVAILABILITY = YES_AGGRESSIVE;
				CLANG_WARN_UNREACHABLE_CODE = YES;
				CLANG_WARN__DUPLICATE_METHOD_MATCH = YES;
				CODE_SIGN_IDENTITY = "iPhone Developer";
				COPY_PHASE_STRIP = NO;
				DEBUG_INFORMATION_FORMAT = dwarf;
				ENABLE_STRICT_OBJC_MSGSEND = YES;
				ENABLE_TESTABILITY = YES;
				GCC_C_LANGUAGE_STANDARD = gnu11;
				GCC_DYNAMIC_NO_PIC = NO;
				GCC_NO_COMMON_BLOCKS = YES;
				GCC_OPTIMIZATION_LEVEL = 0;
				GCC_PREPROCESSOR_DEFINITIONS = (
					"DEBUG=1",
					"$(inherited)",
				);
				GCC_WARN_64_TO_32_BIT_CONVERSION = YES;
				GCC_WARN_ABOUT_RETURN_TYPE = YES_ERROR;
				GCC_WARN_UNDECLARED_SELECTOR = YES;
				GCC_WARN_UNINITIALIZED_AUTOS = YES_AGGRESSIVE;
				GCC_WARN_UNUSED_FUNCTION = YES;
				GCC_WARN_UNUSED_VARIABLE = YES;
				IPHONEOS_DEPLOYMENT_TARGET = 12.2;
				MTL_ENABLE_DEBUG_INFO = INCLUDE_SOURCE;
				MTL_FAST_MATH = YES;
				ONLY_ACTIVE_ARCH = YES;
				SDKROOT = iphoneos;
			};
			name = Debug;
		};
		9F5C009822CEDB2100D88C69 /* Release */ = {
			isa = XCBuildConfiguration;
			buildSettings = {
				ALWAYS_SEARCH_USER_PATHS = NO;
				CLANG_ANALYZER_NONNULL = YES;
				CLANG_ANALYZER_NUMBER_OBJECT_CONVERSION = YES_AGGRESSIVE;
				CLANG_CXX_LANGUAGE_STANDARD = "gnu++14";
				CLANG_CXX_LIBRARY = "libc++";
				CLANG_ENABLE_MODULES = YES;
				CLANG_ENABLE_OBJC_ARC = YES;
				CLANG_ENABLE_OBJC_WEAK = YES;
				CLANG_WARN_BLOCK_CAPTURE_AUTORELEASING = YES;
				CLANG_WARN_BOOL_CONVERSION = YES;
				CLANG_WARN_COMMA = YES;
				CLANG_WARN_CONSTANT_CONVERSION = YES;
				CLANG_WARN_DEPRECATED_OBJC_IMPLEMENTATIONS = YES;
				CLANG_WARN_DIRECT_OBJC_ISA_USAGE = YES_ERROR;
				CLANG_WARN_DOCUMENTATION_COMMENTS = YES;
				CLANG_WARN_EMPTY_BODY = YES;
				CLANG_WARN_ENUM_CONVERSION = YES;
				CLANG_WARN_INFINITE_RECURSION = YES;
				CLANG_WARN_INT_CONVERSION = YES;
				CLANG_WARN_NON_LITERAL_NULL_CONVERSION = YES;
				CLANG_WARN_OBJC_IMPLICIT_RETAIN_SELF = YES;
				CLANG_WARN_OBJC_LITERAL_CONVERSION = YES;
				CLANG_WARN_OBJC_ROOT_CLASS = YES_ERROR;
				CLANG_WARN_RANGE_LOOP_ANALYSIS = YES;
				CLANG_WARN_STRICT_PROTOTYPES = YES;
				CLANG_WARN_SUSPICIOUS_MOVE = YES;
				CLANG_WARN_UNGUARDED_AVAILABILITY = YES_AGGRESSIVE;
				CLANG_WARN_UNREACHABLE_CODE = YES;
				CLANG_WARN__DUPLICATE_METHOD_MATCH = YES;
				CODE_SIGN_IDENTITY = "iPhone Developer";
				COPY_PHASE_STRIP = NO;
				DEBUG_INFORMATION_FORMAT = "dwarf-with-dsym";
				ENABLE_NS_ASSERTIONS = NO;
				ENABLE_STRICT_OBJC_MSGSEND = YES;
				GCC_C_LANGUAGE_STANDARD = gnu11;
				GCC_NO_COMMON_BLOCKS = YES;
				GCC_WARN_64_TO_32_BIT_CONVERSION = YES;
				GCC_WARN_ABOUT_RETURN_TYPE = YES_ERROR;
				GCC_WARN_UNDECLARED_SELECTOR = YES;
				GCC_WARN_UNINITIALIZED_AUTOS = YES_AGGRESSIVE;
				GCC_WARN_UNUSED_FUNCTION = YES;
				GCC_WARN_UNUSED_VARIABLE = YES;
				IPHONEOS_DEPLOYMENT_TARGET = 12.2;
				MTL_ENABLE_DEBUG_INFO = NO;
				MTL_FAST_MATH = YES;
				SDKROOT = iphoneos;
				VALIDATE_PRODUCT = YES;
			};
			name = Release;
		};
		9F5C009A22CEDB2100D88C69 /* Debug */ = {
			isa = XCBuildConfiguration;
			buildSettings = {
				ASSETCATALOG_COMPILER_APPICON_NAME = AppIcon;
				CODE_SIGN_STYLE = Automatic;
				DEVELOPMENT_TEAM = 5XH837PT9T;
				INFOPLIST_FILE = "01·iOS 面试题·项目中用过 Runtime 吗？/Info.plist";
				LD_RUNPATH_SEARCH_PATHS = (
					"$(inherited)",
					"@executable_path/Frameworks",
				);
				PRODUCT_BUNDLE_IDENTIFIER = "com.HYCF.-1-iOS-----------Runtime---";
				PRODUCT_NAME = "$(TARGET_NAME)";
				TARGETED_DEVICE_FAMILY = "1,2";
			};
			name = Debug;
		};
		9F5C009B22CEDB2100D88C69 /* Release */ = {
			isa = XCBuildConfiguration;
			buildSettings = {
				ASSETCATALOG_COMPILER_APPICON_NAME = AppIcon;
				CODE_SIGN_STYLE = Automatic;
				DEVELOPMENT_TEAM = 5XH837PT9T;
				INFOPLIST_FILE = "01·iOS 面试题·项目中用过 Runtime 吗？/Info.plist";
				LD_RUNPATH_SEARCH_PATHS = (
					"$(inherited)",
					"@executable_path/Frameworks",
				);
				PRODUCT_BUNDLE_IDENTIFIER = "com.HYCF.-1-iOS-----------Runtime---";
				PRODUCT_NAME = "$(TARGET_NAME)";
				TARGETED_DEVICE_FAMILY = "1,2";
			};
			name = Release;
		};
/* End XCBuildConfiguration section */

/* Begin XCConfigurationList section */
		9F5C007E22CEDB1E00D88C69 /* Build configuration list for PBXProject "01·iOS 面试题·项目中用过 Runtime 吗？" */ = {
			isa = XCConfigurationList;
			buildConfigurations = (
				9F5C009722CEDB2100D88C69 /* Debug */,
				9F5C009822CEDB2100D88C69 /* Release */,
			);
			defaultConfigurationIsVisible = 0;
			defaultConfigurationName = Release;
		};
		9F5C009922CEDB2100D88C69 /* Build configuration list for PBXNativeTarget "01·iOS 面试题·项目中用过 Runtime 吗？" */ = {
			isa = XCConfigurationList;
			buildConfigurations = (
				9F5C009A22CEDB2100D88C69 /* Debug */,
				9F5C009B22CEDB2100D88C69 /* Release */,
			);
			defaultConfigurationIsVisible = 0;
			defaultConfigurationName = Release;
		};
/* End XCConfigurationList section */
	};
	rootObject = 9F5C007B22CEDB1E00D88C69 /* Project object */;
}
